<?xml version="1.0" encoding="utf-8"?>
<Project ToolsVersion="4.0" xmlns="http://schemas.microsoft.com/developer/msbuild/2003">
  <ItemGroup>
    <Filter Include="Source Files">
      <UniqueIdentifier>{4FC737F1-C7A5-4376-A066-2A32D752A2FF}</UniqueIdentifier>
      <Extensions>cpp;c;cc;cxx;def;odl;idl;hpj;bat;asm;asmx</Extensions>
    </Filter>
    <Filter Include="Resource Files">
      <UniqueIdentifier>{67DA6AB6-F800-4c08-8B7A-83BB121AAD01}</UniqueIdentifier>
      <Extensions>rc;ico;cur;bmp;dlg;rc2;rct;bin;rgs;gif;jpg;jpeg;jpe;resx;tiff;tif;png;wav;mfcribbon-ms</Extensions>
    </Filter>
    <Filter Include="EU4World">
      <UniqueIdentifier>{cafc5ab1-02ef-4a2d-915c-b109cc224366}</UniqueIdentifier>
    </Filter>
    <Filter Include="V2World">
      <UniqueIdentifier>{d3825d93-b001-41d4-9dca-579a6f13d0b3}</UniqueIdentifier>
    </Filter>
    <Filter Include="Parsers">
      <UniqueIdentifier>{df8a6d34-7ec8-4b60-9390-aad2bee4e563}</UniqueIdentifier>
    </Filter>
  </ItemGroup>
  <ItemGroup>
    <ClCompile Include="Source\Parsers\Object.cpp">
      <Filter>Parsers</Filter>
    </ClCompile>
    <ClCompile Include="Source\Parsers\Parser.cpp">
      <Filter>Parsers</Filter>
    </ClCompile>
    <ClCompile Include="Source\Configuration.cpp">
      <Filter>Source Files</Filter>
    </ClCompile>
    <ClCompile Include="Source\Date.cpp">
      <Filter>Source Files</Filter>
    </ClCompile>
    <ClCompile Include="Source\Log.cpp">
      <Filter>Source Files</Filter>
    </ClCompile>
    <ClCompile Include="Source\Mapper.cpp">
      <Filter>Source Files</Filter>
    </ClCompile>
    <ClCompile Include="Source\tempFuncs.cpp">
      <Filter>Source Files</Filter>
    </ClCompile>
    <ClCompile Include="Source\EU4Army.cpp">
      <Filter>EU4World</Filter>
    </ClCompile>
    <ClCompile Include="Source\EU4World.cpp">
      <Filter>EU4World</Filter>
    </ClCompile>
    <ClCompile Include="Source\EU4Country.cpp">
      <Filter>EU4World</Filter>
    </ClCompile>
    <ClCompile Include="Source\EU4Diplomacy.cpp">
      <Filter>EU4World</Filter>
    </ClCompile>
    <ClCompile Include="Source\EU4Leader.cpp">
      <Filter>EU4World</Filter>
    </ClCompile>
    <ClCompile Include="Source\EU4Loan.cpp">
      <Filter>EU4World</Filter>
    </ClCompile>
    <ClCompile Include="Source\EU4Province.cpp">
      <Filter>EU4World</Filter>
    </ClCompile>
    <ClCompile Include="Source\EU4Relations.cpp">
      <Filter>EU4World</Filter>
    </ClCompile>
    <ClCompile Include="Source\V2Army.cpp">
      <Filter>V2World</Filter>
    </ClCompile>
    <ClCompile Include="Source\V2World.cpp">
      <Filter>V2World</Filter>
    </ClCompile>
    <ClCompile Include="Source\V2Country.cpp">
      <Filter>V2World</Filter>
    </ClCompile>
    <ClCompile Include="Source\V2Creditor.cpp">
      <Filter>V2World</Filter>
    </ClCompile>
    <ClCompile Include="Source\V2Diplomacy.cpp">
      <Filter>V2World</Filter>
    </ClCompile>
    <ClCompile Include="Source\V2Factory.cpp">
      <Filter>V2World</Filter>
    </ClCompile>
    <ClCompile Include="Source\V2Leader.cpp">
      <Filter>V2World</Filter>
    </ClCompile>
    <ClCompile Include="Source\V2LeaderTraits.cpp">
      <Filter>V2World</Filter>
    </ClCompile>
    <ClCompile Include="Source\V2Party.cpp">
      <Filter>V2World</Filter>
    </ClCompile>
    <ClCompile Include="Source\V2Pop.cpp">
      <Filter>V2World</Filter>
    </ClCompile>
    <ClCompile Include="Source\V2Province.cpp">
      <Filter>V2World</Filter>
    </ClCompile>
    <ClCompile Include="Source\V2Reforms.cpp">
      <Filter>V2World</Filter>
    </ClCompile>
    <ClCompile Include="Source\V2Relations.cpp">
      <Filter>V2World</Filter>
    </ClCompile>
    <ClCompile Include="Source\V2State.cpp">
      <Filter>V2World</Filter>
    </ClCompile>
    <ClCompile Include="Source\V2TechSchools.cpp">
      <Filter>V2World</Filter>
    </ClCompile>
    <ClCompile Include="Source\EU4toV2Converter.cpp">
      <Filter>Source Files</Filter>
    </ClCompile>
  </ItemGroup>
  <ItemGroup>
    <ClInclude Include="Source\Parsers\Object.h">
      <Filter>Parsers</Filter>
    </ClInclude>
    <ClInclude Include="Source\Parsers\Parser.h">
      <Filter>Parsers</Filter>
    </ClInclude>
    <ClInclude Include="Source\Configuration.h">
      <Filter>Source Files</Filter>
    </ClInclude>
    <ClInclude Include="Source\Date.h">
      <Filter>Source Files</Filter>
    </ClInclude>
    <ClInclude Include="Source\Log.h">
      <Filter>Source Files</Filter>
    </ClInclude>
    <ClInclude Include="Source\EU4Army.h">
      <Filter>EU4World</Filter>
    </ClInclude>
    <ClInclude Include="Source\EU4World.h">
      <Filter>EU4World</Filter>
    </ClInclude>
    <ClInclude Include="Source\EU4Country.h">
      <Filter>EU4World</Filter>
    </ClInclude>
    <ClInclude Include="Source\EU4Diplomacy.h">
      <Filter>EU4World</Filter>
    </ClInclude>
    <ClInclude Include="Source\EU4Leader.h">
      <Filter>EU4World</Filter>
    </ClInclude>
    <ClInclude Include="Source\EU4Loan.h">
      <Filter>EU4World</Filter>
    </ClInclude>
    <ClInclude Include="Source\EU4Province.h">
      <Filter>EU4World</Filter>
    </ClInclude>
    <ClInclude Include="Source\EU4Relations.h">
      <Filter>EU4World</Filter>
    </ClInclude>
    <ClInclude Include="Source\V2Army.h">
      <Filter>V2World</Filter>
    </ClInclude>
    <ClInclude Include="Source\V2World.h">
      <Filter>V2World</Filter>
    </ClInclude>
    <ClInclude Include="Source\V2Country.h">
      <Filter>V2World</Filter>
    </ClInclude>
    <ClInclude Include="Source\V2Creditor.h">
      <Filter>V2World</Filter>
    </ClInclude>
    <ClInclude Include="Source\V2Diplomacy.h">
      <Filter>V2World</Filter>
    </ClInclude>
    <ClInclude Include="Source\V2Factory.h">
      <Filter>V2World</Filter>
    </ClInclude>
    <ClInclude Include="Source\V2Inventions.h">
      <Filter>V2World</Filter>
    </ClInclude>
    <ClInclude Include="Source\V2Leader.h">
      <Filter>V2World</Filter>
    </ClInclude>
    <ClInclude Include="Source\V2LeaderTraits.h">
      <Filter>V2World</Filter>
    </ClInclude>
    <ClInclude Include="Source\V2Party.h">
      <Filter>V2World</Filter>
    </ClInclude>
    <ClInclude Include="Source\V2Pop.h">
      <Filter>V2World</Filter>
    </ClInclude>
    <ClInclude Include="Source\V2Province.h">
      <Filter>V2World</Filter>
    </ClInclude>
    <ClInclude Include="Source\V2Reforms.h">
      <Filter>V2World</Filter>
    </ClInclude>
    <ClInclude Include="Source\V2Relations.h">
      <Filter>V2World</Filter>
    </ClInclude>
    <ClInclude Include="Source\V2State.h">
      <Filter>V2World</Filter>
    </ClInclude>
    <ClInclude Include="Source\V2TechSchools.h">
      <Filter>V2World</Filter>
    </ClInclude>
    <ClInclude Include="Source\Mapper.h">
      <Filter>Source Files</Filter>
    </ClInclude>
    <ClInclude Include="Source\tempFuncs.h">
      <Filter>Source Files</Filter>
    </ClInclude>
  </ItemGroup>
</Project>