
Microsoft Visual Studio Solution File, Format Version 11.00
# Visual Studio 2010
Project("{8BC9CEB8-8B4A-11D0-8D11-00A0C91BC942}") = "CK2ToEU3", "CK2ToEU3.vcxproj", "{D457F160-2438-4D90-BD9C-B9B4A9012C47}"
EndProject
Project("{FAE04EC0-301F-11D3-BF4B-00C04F79EFBC}") = "UI", "UI\UI.csproj", "{C9DD9F19-3F25-452E-9C1D-EDEB1B57E4B7}"
EndProject
Global
	GlobalSection(SolutionConfigurationPlatforms) = preSolution
		Debug|Mixed Platforms = Debug|Mixed Platforms
		Debug|Win32 = Debug|Win32
		Debug|x86 = Debug|x86
		Release|Mixed Platforms = Release|Mixed Platforms
		Release|Win32 = Release|Win32
		Release|x86 = Release|x86
	EndGlobalSection
	GlobalSection(ProjectConfigurationPlatforms) = postSolution
		{D457F160-2438-4D90-BD9C-B9B4A9012C47}.Debug|Mixed Platforms.ActiveCfg = Debug|Win32
		{D457F160-2438-4D90-BD9C-B9B4A9012C47}.Debug|Mixed Platforms.Build.0 = Debug|Win32
		{D457F160-2438-4D90-BD9C-B9B4A9012C47}.Debug|Win32.ActiveCfg = Debug|Win32
		{D457F160-2438-4D90-BD9C-B9B4A9012C47}.Debug|Win32.Build.0 = Debug|Win32
		{D457F160-2438-4D90-BD9C-B9B4A9012C47}.Debug|x86.ActiveCfg = Debug|Win32
		{D457F160-2438-4D90-BD9C-B9B4A9012C47}.Release|Mixed Platforms.ActiveCfg = Release|Win32
		{D457F160-2438-4D90-BD9C-B9B4A9012C47}.Release|Mixed Platforms.Build.0 = Release|Win32
		{D457F160-2438-4D90-BD9C-B9B4A9012C47}.Release|Win32.ActiveCfg = Release|Win32
		{D457F160-2438-4D90-BD9C-B9B4A9012C47}.Release|Win32.Build.0 = Release|Win32
		{D457F160-2438-4D90-BD9C-B9B4A9012C47}.Release|x86.ActiveCfg = Release|Win32
		{C9DD9F19-3F25-452E-9C1D-EDEB1B57E4B7}.Debug|Mixed Platforms.ActiveCfg = Debug|x86
		{C9DD9F19-3F25-452E-9C1D-EDEB1B57E4B7}.Debug|Mixed Platforms.Build.0 = Debug|x86
		{C9DD9F19-3F25-452E-9C1D-EDEB1B57E4B7}.Debug|Win32.ActiveCfg = Debug|x86
		{C9DD9F19-3F25-452E-9C1D-EDEB1B57E4B7}.Debug|x86.ActiveCfg = Debug|x86
		{C9DD9F19-3F25-452E-9C1D-EDEB1B57E4B7}.Debug|x86.Build.0 = Debug|x86
		{C9DD9F19-3F25-452E-9C1D-EDEB1B57E4B7}.Release|Mixed Platforms.ActiveCfg = Release|x86
		{C9DD9F19-3F25-452E-9C1D-EDEB1B57E4B7}.Release|Mixed Platforms.Build.0 = Release|x86
		{C9DD9F19-3F25-452E-9C1D-EDEB1B57E4B7}.Release|Win32.ActiveCfg = Release|x86
		{C9DD9F19-3F25-452E-9C1D-EDEB1B57E4B7}.Release|x86.ActiveCfg = Release|x86
		{C9DD9F19-3F25-452E-9C1D-EDEB1B57E4B7}.Release|x86.Build.0 = Release|x86
	EndGlobalSection
	GlobalSection(SolutionProperties) = preSolution
		HideSolutionNode = FALSE
	EndGlobalSection
EndGlobal
