<?xml version="1.0" encoding="utf-8"?>
<Project ToolsVersion="4.0" xmlns="http://schemas.microsoft.com/developer/msbuild/2003">
  <ItemGroup>
    <Filter Include="Source Files">
      <UniqueIdentifier>{4FC737F1-C7A5-4376-A066-2A32D752A2FF}</UniqueIdentifier>
      <Extensions>cpp;c;cc;cxx;def;odl;idl;hpj;bat;asm;asmx</Extensions>
    </Filter>
    <Filter Include="Header Files">
      <UniqueIdentifier>{93995380-89BD-4b04-88EB-625FBE52EBFB}</UniqueIdentifier>
      <Extensions>h;hpp;hxx;hm;inl;inc;xsd</Extensions>
    </Filter>
    <Filter Include="Resource Files">
      <UniqueIdentifier>{67DA6AB6-F800-4c08-8B7A-83BB121AAD01}</UniqueIdentifier>
      <Extensions>rc;ico;cur;bmp;dlg;rc2;rct;bin;rgs;gif;jpg;jpeg;jpe;resx;tiff;tif;png;wav;mfcribbon-ms</Extensions>
    </Filter>
    <Filter Include="Parsers">
      <UniqueIdentifier>{a17e77d6-6f0e-4855-979c-fc332da7e204}</UniqueIdentifier>
    </Filter>
    <Filter Include="EU3World">
      <UniqueIdentifier>{5eef07c5-6a70-463c-a404-aa73662ab430}</UniqueIdentifier>
    </Filter>
    <Filter Include="CK2World">
      <UniqueIdentifier>{02fc5e8a-8876-4bbc-975f-8b7d081070bc}</UniqueIdentifier>
    </Filter>
    <Filter Include="ModWorld">
      <UniqueIdentifier>{607513ec-e4bc-4b45-9dcc-9bd5c9ca3030}</UniqueIdentifier>
    </Filter>
  </ItemGroup>
  <ItemGroup>
    <ClCompile Include="Source\Convert.cpp">
      <Filter>Source Files</Filter>
    </ClCompile>
    <ClCompile Include="Source\Log.cpp">
      <Filter>Source Files</Filter>
    </ClCompile>
    <ClCompile Include="Source\Parsers\Object.cpp">
      <Filter>Parsers</Filter>
    </ClCompile>
    <ClCompile Include="Source\Parsers\Parser.cpp">
      <Filter>Parsers</Filter>
    </ClCompile>
    <ClCompile Include="Source\Temp.cpp">
      <Filter>Source Files</Filter>
    </ClCompile>
    <ClCompile Include="Source\EU3World\EU3World.cpp">
      <Filter>EU3World</Filter>
    </ClCompile>
    <ClCompile Include="Source\mappers.cpp">
      <Filter>Source Files</Filter>
    </ClCompile>
    <ClCompile Include="Source\Configuration.cpp">
      <Filter>Source Files</Filter>
    </ClCompile>
    <ClCompile Include="Source\EU3World\EU3Province.cpp">
      <Filter>EU3World</Filter>
    </ClCompile>
    <ClCompile Include="Source\Date.cpp">
      <Filter>Source Files</Filter>
    </ClCompile>
    <ClCompile Include="Source\CK2World\CK2World.cpp">
      <Filter>CK2World</Filter>
    </ClCompile>
    <ClCompile Include="Source\CK2World\CK2Title.cpp">
      <Filter>CK2World</Filter>
    </ClCompile>
    <ClCompile Include="Source\EU3World\EU3Country.cpp">
      <Filter>EU3World</Filter>
    </ClCompile>
    <ClCompile Include="Source\CK2World\CK2Province.cpp">
      <Filter>CK2World</Filter>
    </ClCompile>
    <ClCompile Include="Source\CK2World\CK2Barony.cpp">
      <Filter>CK2World</Filter>
    </ClCompile>
    <ClCompile Include="Source\CK2World\CK2Character.cpp">
      <Filter>CK2World</Filter>
    </ClCompile>
    <ClCompile Include="Source\EU3World\EU3Ruler.cpp">
      <Filter>EU3World</Filter>
    </ClCompile>
    <ClCompile Include="Source\CK2World\CK2Dynasty.cpp">
      <Filter>CK2World</Filter>
    </ClCompile>
    <ClCompile Include="Source\CK2World\Ck2History.cpp">
      <Filter>CK2World</Filter>
    </ClCompile>
    <ClCompile Include="Source\EU3World\EU3History.cpp">
      <Filter>EU3World</Filter>
    </ClCompile>
    <ClCompile Include="Source\CK2World\CK2Trait.cpp">
      <Filter>CK2World</Filter>
    </ClCompile>
    <ClCompile Include="Source\EU3World\EU3Advisor.cpp">
      <Filter>EU3World</Filter>
    </ClCompile>
    <ClCompile Include="Source\CK2World\CK2Version.cpp">
      <Filter>CK2World</Filter>
    </ClCompile>
    <ClCompile Include="Source\CK2World\CK2Building.cpp">
      <Filter>CK2World</Filter>
    </ClCompile>
    <ClCompile Include="Source\EU3World\EU3Tech.cpp">
      <Filter>EU3World</Filter>
    </ClCompile>
    <ClCompile Include="Source\EU3World\EU3Diplomacy.cpp">
      <Filter>EU3World</Filter>
    </ClCompile>
    <ClCompile Include="Source\CK2World\CK2Opinion.cpp">
      <Filter>CK2World</Filter>
    </ClCompile>
    <ClCompile Include="Source\CK2World\CK2War.cpp">
      <Filter>CK2World</Filter>
    </ClCompile>
    <ClCompile Include="Source\CK2World\CK2Religion.cpp">
      <Filter>CK2World</Filter>
    </ClCompile>
    <ClCompile Include="Source\CK2World\CK2Army.cpp">
      <Filter>CK2World</Filter>
    </ClCompile>
    <ClCompile Include="Source\EU3World\EU3Army.cpp">
      <Filter>EU3World</Filter>
    </ClCompile>
    <ClCompile Include="Source\EU3World\EU3Navy.cpp">
      <Filter>EU3World</Filter>
    </ClCompile>
    <ClCompile Include="Source\ModWorld\ModCultureRule.cpp">
      <Filter>ModWorld</Filter>
    </ClCompile>
  </ItemGroup>
  <ItemGroup>
    <ClInclude Include="Source\Log.h">
      <Filter>Header Files</Filter>
    </ClInclude>
    <ClInclude Include="Source\Parsers\Object.h">
      <Filter>Parsers</Filter>
    </ClInclude>
    <ClInclude Include="Source\Parsers\Parser.h">
      <Filter>Parsers</Filter>
    </ClInclude>
    <ClInclude Include="Source\Temp.h">
      <Filter>Header Files</Filter>
    </ClInclude>
    <ClInclude Include="Source\EU3World\EU3World.h">
      <Filter>EU3World</Filter>
    </ClInclude>
    <ClInclude Include="Source\mappers.h">
      <Filter>Header Files</Filter>
    </ClInclude>
    <ClInclude Include="Source\Configuration.h">
      <Filter>Header Files</Filter>
    </ClInclude>
    <ClInclude Include="Source\EU3World\EU3Province.h">
      <Filter>EU3World</Filter>
    </ClInclude>
    <ClInclude Include="Source\Date.h">
      <Filter>Header Files</Filter>
    </ClInclude>
    <ClInclude Include="Source\CK2World\CK2World.h">
      <Filter>CK2World</Filter>
    </ClInclude>
    <ClInclude Include="Source\CK2World\CK2Title.h">
      <Filter>CK2World</Filter>
    </ClInclude>
    <ClInclude Include="Source\EU3World\EU3Country.h">
      <Filter>EU3World</Filter>
    </ClInclude>
    <ClInclude Include="Source\CK2World\CK2Province.h">
      <Filter>CK2World</Filter>
    </ClInclude>
    <ClInclude Include="Source\CK2World\CK2Barony.h">
      <Filter>CK2World</Filter>
    </ClInclude>
    <ClInclude Include="Source\CK2World\CK2Character.h">
      <Filter>CK2World</Filter>
    </ClInclude>
    <ClInclude Include="Source\EU3World\EU3Ruler.h">
      <Filter>EU3World</Filter>
    </ClInclude>
    <ClInclude Include="Source\CK2World\CK2Dynasty.h">
      <Filter>CK2World</Filter>
    </ClInclude>
    <ClInclude Include="Source\CK2World\CK2History.h">
      <Filter>CK2World</Filter>
    </ClInclude>
    <ClInclude Include="Source\EU3World\EU3History.h">
      <Filter>EU3World</Filter>
    </ClInclude>
    <ClInclude Include="Source\CK2World\CK2Trait.h">
      <Filter>CK2World</Filter>
    </ClInclude>
    <ClInclude Include="Source\EU3World\EU3Advisor.h">
      <Filter>EU3World</Filter>
    </ClInclude>
    <ClInclude Include="Source\CK2World\CK2Version.h">
      <Filter>CK2World</Filter>
    </ClInclude>
    <ClInclude Include="Source\CK2World\CK2Building.h">
      <Filter>CK2World</Filter>
    </ClInclude>
    <ClInclude Include="Source\EU3World\EU3Tech.h">
      <Filter>EU3World</Filter>
    </ClInclude>
    <ClInclude Include="Source\CK2World\CK2Techs.h">
      <Filter>CK2World</Filter>
    </ClInclude>
    <ClInclude Include="Source\EU3World\EU3Diplomacy.h">
      <Filter>EU3World</Filter>
    </ClInclude>
    <ClInclude Include="Source\CK2World\CK2Opinion.h">
      <Filter>CK2World</Filter>
    </ClInclude>
    <ClInclude Include="Source\CK2World\CK2War.h">
      <Filter>CK2World</Filter>
    </ClInclude>
    <ClInclude Include="Source\CK2World\CK2Religion.h">
      <Filter>CK2World</Filter>
    </ClInclude>
    <ClInclude Include="Source\CK2World\CK2Army.h">
      <Filter>CK2World</Filter>
    </ClInclude>
    <ClInclude Include="Source\EU3World\EU3Army.h">
      <Filter>EU3World</Filter>
    </ClInclude>
    <ClInclude Include="Source\EU3World\EU3Navy.h">
      <Filter>EU3World</Filter>
    </ClInclude>
    <ClInclude Include="Source\ModWorld\ModCultureRule.h">
      <Filter>ModWorld</Filter>
    </ClInclude>
  </ItemGroup>
</Project>