<?xml version="1.0" encoding="utf-8"?>
<Project ToolsVersion="4.0" xmlns="http://schemas.microsoft.com/developer/msbuild/2003">
  <ItemGroup>
    <Filter Include="Vic2World">
      <UniqueIdentifier>{61fb4370-0656-4b8e-8e5d-a68d8c717a8c}</UniqueIdentifier>
    </Filter>
    <Filter Include="HoI4World">
      <UniqueIdentifier>{8ff8d781-7332-4220-ba7c-20d9b1cf0383}</UniqueIdentifier>
    </Filter>
    <Filter Include="CommonItems">
      <UniqueIdentifier>{3071f545-e61f-40f7-a838-8c97318a571b}</UniqueIdentifier>
    </Filter>
    <Filter Include="Mappers">
      <UniqueIdentifier>{0b3f5118-496d-4e6f-a8a4-5d7427bbcf51}</UniqueIdentifier>
    </Filter>
  </ItemGroup>
  <ItemGroup>
    <ClCompile Include="..\common_items\Date.cpp">
      <Filter>CommonItems</Filter>
    </ClCompile>
    <ClCompile Include="..\common_items\Log.cpp">
      <Filter>CommonItems</Filter>
    </ClCompile>
    <ClCompile Include="..\common_items\Object.cpp">
      <Filter>CommonItems</Filter>
    </ClCompile>
    <ClCompile Include="..\common_items\ParadoxParserUTF8.cpp">
      <Filter>CommonItems</Filter>
    </ClCompile>
    <ClCompile Include="Source\V2World\V2Army.cpp">
      <Filter>Vic2World</Filter>
    </ClCompile>
    <ClCompile Include="Source\V2World\V2Country.cpp">
      <Filter>Vic2World</Filter>
    </ClCompile>
    <ClCompile Include="Source\V2World\V2Diplomacy.cpp">
      <Filter>Vic2World</Filter>
    </ClCompile>
    <ClCompile Include="Source\V2World\V2Leader.cpp">
      <Filter>Vic2World</Filter>
    </ClCompile>
    <ClCompile Include="Source\V2World\V2Party.cpp">
      <Filter>Vic2World</Filter>
    </ClCompile>
    <ClCompile Include="Source\V2World\V2Pop.cpp">
      <Filter>Vic2World</Filter>
    </ClCompile>
    <ClCompile Include="Source\V2World\V2Province.cpp">
      <Filter>Vic2World</Filter>
    </ClCompile>
    <ClCompile Include="Source\V2World\V2Relations.cpp">
      <Filter>Vic2World</Filter>
    </ClCompile>
    <ClCompile Include="Source\V2World\V2World.cpp">
      <Filter>Vic2World</Filter>
    </ClCompile>
    <ClCompile Include="Source\HOI4World\HoI4Army.cpp">
      <Filter>HoI4World</Filter>
    </ClCompile>
    <ClCompile Include="Source\HOI4World\HoI4Country.cpp">
      <Filter>HoI4World</Filter>
    </ClCompile>
    <ClCompile Include="Source\HOI4World\HoI4Diplomacy.cpp">
      <Filter>HoI4World</Filter>
    </ClCompile>
    <ClCompile Include="Source\HOI4World\HoI4Leader.cpp">
      <Filter>HoI4World</Filter>
    </ClCompile>
    <ClCompile Include="Source\HOI4World\HoI4Localisation.cpp">
      <Filter>HoI4World</Filter>
    </ClCompile>
    <ClCompile Include="Source\HOI4World\HoI4Province.cpp">
      <Filter>HoI4World</Filter>
    </ClCompile>
    <ClCompile Include="Source\HOI4World\HoI4Relations.cpp">
      <Filter>HoI4World</Filter>
    </ClCompile>
    <ClCompile Include="Source\HOI4World\HoI4World.cpp">
      <Filter>HoI4World</Filter>
    </ClCompile>
    <ClCompile Include="Source\Color.cpp" />
    <ClCompile Include="Source\Configuration.cpp" />
    <ClCompile Include="Source\V2toHOI4Converter.cpp" />
    <ClCompile Include="Source\HOI4World\HoI4State.cpp">
      <Filter>HoI4World</Filter>
    </ClCompile>
    <ClCompile Include="..\common_items\WinUtils.cpp">
      <Filter>CommonItems</Filter>
    </ClCompile>
    <ClCompile Include="..\common_items\ParadoxParser8859_15.cpp">
      <Filter>CommonItems</Filter>
    </ClCompile>
    <ClCompile Include="..\common_items\CommonUtils.cpp">
      <Filter>CommonItems</Filter>
    </ClCompile>
    <ClCompile Include="Source\HOI4World\HoI4SupplyZone.cpp">
      <Filter>HoI4World</Filter>
    </ClCompile>
    <ClCompile Include="Source\HOI4World\HoI4Navy.cpp">
      <Filter>HoI4World</Filter>
    </ClCompile>
    <ClCompile Include="Source\HOI4World\HoI4StrategicRegion.cpp">
      <Filter>HoI4World</Filter>
    </ClCompile>
    <ClCompile Include="Source\HOI4World\HoI4States.cpp">
      <Filter>HoI4World</Filter>
    </ClCompile>
    <ClCompile Include="Source\targa.cpp" />
    <ClCompile Include="Source\Flags.cpp" />
    <ClCompile Include="Source\HOI4World\HoI4Buildings.cpp">
      <Filter>HoI4World</Filter>
    </ClCompile>
    <ClCompile Include="Source\HOI4World\HoI4Airforce.cpp">
      <Filter>HoI4World</Filter>
    </ClCompile>
    <ClCompile Include="Source\V2World\Vic2State.cpp">
      <Filter>Vic2World</Filter>
    </ClCompile>
    <ClCompile Include="Source\V2World\Vic2Agreement.cpp">
      <Filter>Vic2World</Filter>
    </ClCompile>
    <ClCompile Include="Source\Mappers\GovernmentMapper.cpp">
      <Filter>Mappers</Filter>
    </ClCompile>
    <ClCompile Include="Source\Mappers\Mapper.cpp">
      <Filter>Mappers</Filter>
    </ClCompile>
    <ClCompile Include="Source\Mappers\CoastalHoI4Provinces.cpp">
      <Filter>Mappers</Filter>
    </ClCompile>
    <ClCompile Include="Source\Mappers\ProvinceMapper.cpp">
      <Filter>Mappers</Filter>
    </ClCompile>
    <ClCompile Include="Source\Mappers\CountryMapping.cpp">
      <Filter>Mappers</Filter>
    </ClCompile>
    <ClCompile Include="Source\Mappers\StateMapper.cpp">
      <Filter>Mappers</Filter>
    </ClCompile>
    <ClCompile Include="Source\Mappers\V2Localisations.cpp">
      <Filter>Mappers</Filter>
    </ClCompile>
    <ClCompile Include="Source\HOI4World\HOI4Version.cpp">
      <Filter>HoI4World</Filter>
    </ClCompile>
    <ClCompile Include="Source\HOI4World\HoI4Event.cpp">
      <Filter>HoI4World</Filter>
    </ClCompile>
    <ClCompile Include="Source\HOI4World\HoI4Events.cpp">
      <Filter>HoI4World</Filter>
    </ClCompile>
    <ClCompile Include="Source\HOI4World\HoI4FocusTree.cpp">
      <Filter>HoI4World</Filter>
    </ClCompile>
    <ClCompile Include="Source\HOI4World\HoI4Focus.cpp">
      <Filter>HoI4World</Filter>
    </ClCompile>
    <ClCompile Include="Source\Mappers\StateCategoryMapper.cpp">
      <Filter>Mappers</Filter>
    </ClCompile>
    <ClCompile Include="Source\HOI4World\HoI4WarCreator.cpp">
      <Filter>HoI4World</Filter>
    </ClCompile>
    <ClCompile Include="..\common_items\CardinalToOrdinal.cpp">
      <Filter>CommonItems</Filter>
    </ClCompile>
    <ClCompile Include="Source\Mappers\ProvinceDefinitions.cpp">
      <Filter>Mappers</Filter>
    </ClCompile>
    <ClCompile Include="Source\Mappers\ProvinceNeighborMapper.cpp">
      <Filter>Mappers</Filter>
    </ClCompile>
    <ClCompile Include="Source\HOI4World\HoI4SupplyZones.cpp">
      <Filter>HoI4World</Filter>
    </ClCompile>
    <ClCompile Include="Source\HOI4World\HoI4Agreement.cpp">
      <Filter>HoI4World</Filter>
    </ClCompile>
    <ClCompile Include="Source\Mappers\NamesMapper.cpp">
      <Filter>Mappers</Filter>
    </ClCompile>
    <ClCompile Include="Source\Mappers\CultureGroupMapper.cpp">
      <Filter>Mappers</Filter>
    </ClCompile>
    <ClCompile Include="Source\Mappers\ReformMapper.cpp">
      <Filter>Mappers</Filter>
    </ClCompile>
    <ClCompile Include="Source\Mappers\GraphicsMapper.cpp">
      <Filter>Mappers</Filter>
    </ClCompile>
    <ClCompile Include="Source\HOI4World\HOI4Ideology.cpp">
      <Filter>HoI4World</Filter>
    </ClCompile>
    <ClCompile Include="Source\HOI4World\HoI4Advisor.cpp">
      <Filter>HoI4World</Filter>
    </ClCompile>
    <ClCompile Include="Source\Mappers\InventionsMapper.cpp">
      <Filter>Mappers</Filter>
    </ClCompile>
    <ClCompile Include="Source\HOI4World\HoI4OnActions.cpp">
      <Filter>HoI4World</Filter>
    </ClCompile>
    <ClCompile Include="Source\Mappers\ImpassableProvinceMapper.cpp">
      <Filter>Mappers</Filter>
    </ClCompile>
  </ItemGroup>
  <ItemGroup>
    <ClInclude Include="..\common_items\Date.h">
      <Filter>CommonItems</Filter>
    </ClInclude>
    <ClInclude Include="..\common_items\Log.h">
      <Filter>CommonItems</Filter>
    </ClInclude>
    <ClInclude Include="..\common_items\Object.h">
      <Filter>CommonItems</Filter>
    </ClInclude>
    <ClInclude Include="..\common_items\ParadoxParserUTF8.h">
      <Filter>CommonItems</Filter>
    </ClInclude>
    <ClInclude Include="Source\V2World\V2Army.h">
      <Filter>Vic2World</Filter>
    </ClInclude>
    <ClInclude Include="Source\V2World\V2Country.h">
      <Filter>Vic2World</Filter>
    </ClInclude>
    <ClInclude Include="Source\V2World\V2Diplomacy.h">
      <Filter>Vic2World</Filter>
    </ClInclude>
    <ClInclude Include="Source\V2World\V2Leader.h">
      <Filter>Vic2World</Filter>
    </ClInclude>
    <ClInclude Include="Source\V2World\V2Party.h">
      <Filter>Vic2World</Filter>
    </ClInclude>
    <ClInclude Include="Source\V2World\V2Pop.h">
      <Filter>Vic2World</Filter>
    </ClInclude>
    <ClInclude Include="Source\V2World\V2Province.h">
      <Filter>Vic2World</Filter>
    </ClInclude>
    <ClInclude Include="Source\V2World\V2Relations.h">
      <Filter>Vic2World</Filter>
    </ClInclude>
    <ClInclude Include="Source\V2World\V2World.h">
      <Filter>Vic2World</Filter>
    </ClInclude>
    <ClInclude Include="Source\HOI4World\HoI4Army.h">
      <Filter>HoI4World</Filter>
    </ClInclude>
    <ClInclude Include="Source\HOI4World\HoI4Country.h">
      <Filter>HoI4World</Filter>
    </ClInclude>
    <ClInclude Include="Source\HOI4World\HoI4Diplomacy.h">
      <Filter>HoI4World</Filter>
    </ClInclude>
    <ClInclude Include="Source\HOI4World\HoI4Leader.h">
      <Filter>HoI4World</Filter>
    </ClInclude>
    <ClInclude Include="Source\HOI4World\HoI4Localisation.h">
      <Filter>HoI4World</Filter>
    </ClInclude>
    <ClInclude Include="Source\HOI4World\HoI4Province.h">
      <Filter>HoI4World</Filter>
    </ClInclude>
    <ClInclude Include="Source\HOI4World\HoI4Relations.h">
      <Filter>HoI4World</Filter>
    </ClInclude>
    <ClInclude Include="Source\HOI4World\HoI4World.h">
      <Filter>HoI4World</Filter>
    </ClInclude>
    <ClInclude Include="Source\Color.h" />
    <ClInclude Include="Source\Configuration.h" />
    <ClInclude Include="Source\V2World\Vic2State.h">
      <Filter>Vic2World</Filter>
    </ClInclude>
    <ClInclude Include="Source\HOI4World\HoI4State.h">
      <Filter>HoI4World</Filter>
    </ClInclude>
    <ClInclude Include="..\common_items\ParadoxParser8859_15.h">
      <Filter>CommonItems</Filter>
    </ClInclude>
    <ClInclude Include="..\common_items\OSCompatibilityLayer.h">
      <Filter>CommonItems</Filter>
    </ClInclude>
    <ClInclude Include="Source\HOI4World\HoI4SupplyZone.h">
      <Filter>HoI4World</Filter>
    </ClInclude>
    <ClInclude Include="Source\HOI4World\HoI4Navy.h">
      <Filter>HoI4World</Filter>
    </ClInclude>
    <ClInclude Include="Source\HOI4World\HoI4StrategicRegion.h">
      <Filter>HoI4World</Filter>
    </ClInclude>
    <ClInclude Include="Source\HOI4World\HoI4States.h">
      <Filter>HoI4World</Filter>
    </ClInclude>
    <ClInclude Include="Source\targa.h" />
    <ClInclude Include="Source\Flags.h" />
    <ClInclude Include="Source\HOI4World\HoI4Buildings.h">
      <Filter>HoI4World</Filter>
    </ClInclude>
    <ClInclude Include="Source\HOI4World\HoI4Airforce.h">
      <Filter>HoI4World</Filter>
    </ClInclude>
    <ClInclude Include="Source\V2World\Vic2Agreement.h">
      <Filter>Vic2World</Filter>
    </ClInclude>
    <ClInclude Include="Source\Mappers\GovernmentMapper.h">
      <Filter>Mappers</Filter>
    </ClInclude>
    <ClInclude Include="Source\Mappers\Mapper.h">
      <Filter>Mappers</Filter>
    </ClInclude>
    <ClInclude Include="Source\Mappers\CoastalHoI4Provinces.h">
      <Filter>Mappers</Filter>
    </ClInclude>
    <ClInclude Include="Source\Mappers\ProvinceMapper.h">
      <Filter>Mappers</Filter>
    </ClInclude>
    <ClInclude Include="Source\Mappers\CountryMapping.h">
      <Filter>Mappers</Filter>
    </ClInclude>
    <ClInclude Include="Source\Mappers\StateMapper.h">
      <Filter>Mappers</Filter>
    </ClInclude>
    <ClInclude Include="Source\Mappers\V2Localisations.h">
      <Filter>Mappers</Filter>
    </ClInclude>
    <ClInclude Include="Source\HOI4World\HOI4Version.h">
      <Filter>HoI4World</Filter>
    </ClInclude>
    <ClInclude Include="Source\HOI4World\HoI4Event.h">
      <Filter>HoI4World</Filter>
    </ClInclude>
    <ClInclude Include="Source\HOI4World\HoI4Events.h">
      <Filter>HoI4World</Filter>
    </ClInclude>
    <ClInclude Include="Source\HOI4World\HoI4Faction.h">
      <Filter>HoI4World</Filter>
    </ClInclude>
    <ClInclude Include="Source\HOI4World\HoI4FocusTree.h">
      <Filter>HoI4World</Filter>
    </ClInclude>
    <ClInclude Include="Source\HOI4World\HoI4Focus.h">
      <Filter>HoI4World</Filter>
    </ClInclude>
    <ClInclude Include="Source\Mappers\StateCategoryMapper.h">
      <Filter>Mappers</Filter>
    </ClInclude>
    <ClInclude Include="Source\HOI4World\HoI4WarCreator.h">
      <Filter>HoI4World</Filter>
    </ClInclude>
    <ClInclude Include="..\common_items\CardinalToOrdinal.h">
      <Filter>CommonItems</Filter>
    </ClInclude>
    <ClInclude Include="Source\Mappers\ProvinceDefinitions.h">
      <Filter>Mappers</Filter>
    </ClInclude>
    <ClInclude Include="Source\bitmap_image.hpp" />
    <ClInclude Include="Source\Mappers\ProvinceNeighborMapper.h">
      <Filter>Mappers</Filter>
    </ClInclude>
    <ClInclude Include="Source\HOI4World\HoI4SupplyZones.h">
      <Filter>HoI4World</Filter>
    </ClInclude>
    <ClInclude Include="Source\HOI4World\HoI4Agreement.h">
      <Filter>HoI4World</Filter>
    </ClInclude>
    <ClInclude Include="Source\Mappers\NamesMapper.h">
      <Filter>Mappers</Filter>
    </ClInclude>
    <ClInclude Include="Source\Mappers\CultureGroupMapper.h">
      <Filter>Mappers</Filter>
    </ClInclude>
    <ClInclude Include="Source\Mappers\ReformMapper.h">
      <Filter>Mappers</Filter>
    </ClInclude>
    <ClInclude Include="Source\Mappers\GraphicsMapper.h">
      <Filter>Mappers</Filter>
    </ClInclude>
    <ClInclude Include="Source\HOI4World\HOI4Ideology.h">
      <Filter>HoI4World</Filter>
    </ClInclude>
    <ClInclude Include="Source\HOI4World\HoI4Advisor.h">
      <Filter>HoI4World</Filter>
    </ClInclude>
    <ClInclude Include="Source\V2World\V2Rgo.h">
      <Filter>Vic2World</Filter>
    </ClInclude>
    <ClInclude Include="Source\Mappers\InventionsMapper.h">
      <Filter>Mappers</Filter>
    </ClInclude>
    <ClInclude Include="Source\HOI4World\HoI4OnActions.h">
      <Filter>HoI4World</Filter>
    </ClInclude>
    <ClInclude Include="Source\Mappers\ImpassableProvinceMapper.h">
      <Filter>Mappers</Filter>
    </ClInclude>
  </ItemGroup>
</Project>