
Microsoft Visual Studio Solution File, Format Version 12.00
# Visual Studio Express 2013 for Windows Desktop
VisualStudioVersion = 12.0.21005.1
MinimumVisualStudioVersion = 10.0.40219.1
Project("{FAE04EC0-301F-11D3-BF4B-00C04F79EFBC}") = "Frontend.Client", "ParadoxConverters.Frontend\Frontend.Client.csproj", "{0918DC8B-8D29-4B01-B83E-0896ECDF88A6}"
EndProject
Project("{FAE04EC0-301F-11D3-BF4B-00C04F79EFBC}") = "Frontend.Core", "Frontend.Core\Frontend.Core.csproj", "{94887089-4A35-40BE-BA3F-6C9F15AA2BDA}"
EndProject
Project("{FAE04EC0-301F-11D3-BF4B-00C04F79EFBC}") = "Frontend.Core.Tests", "Frontend.Core.Tests\Frontend.Core.Tests.csproj", "{01F3A84A-BB75-4A4C-A34A-BC10F09E252C}"
EndProject
Global
	GlobalSection(SolutionConfigurationPlatforms) = preSolution
		Debug|Any CPU = Debug|Any CPU
		Release|Any CPU = Release|Any CPU
	EndGlobalSection
	GlobalSection(ProjectConfigurationPlatforms) = postSolution
		{0918DC8B-8D29-4B01-B83E-0896ECDF88A6}.Debug|Any CPU.ActiveCfg = Debug|Any CPU
		{0918DC8B-8D29-4B01-B83E-0896ECDF88A6}.Debug|Any CPU.Build.0 = Debug|Any CPU
		{0918DC8B-8D29-4B01-B83E-0896ECDF88A6}.Release|Any CPU.ActiveCfg = Release|Any CPU
		{0918DC8B-8D29-4B01-B83E-0896ECDF88A6}.Release|Any CPU.Build.0 = Release|Any CPU
		{94887089-4A35-40BE-BA3F-6C9F15AA2BDA}.Debug|Any CPU.ActiveCfg = Debug|Any CPU
		{94887089-4A35-40BE-BA3F-6C9F15AA2BDA}.Debug|Any CPU.Build.0 = Debug|Any CPU
		{94887089-4A35-40BE-BA3F-6C9F15AA2BDA}.Release|Any CPU.ActiveCfg = Release|Any CPU
		{94887089-4A35-40BE-BA3F-6C9F15AA2BDA}.Release|Any CPU.Build.0 = Release|Any CPU
		{01F3A84A-BB75-4A4C-A34A-BC10F09E252C}.Debug|Any CPU.ActiveCfg = Debug|Any CPU
		{01F3A84A-BB75-4A4C-A34A-BC10F09E252C}.Debug|Any CPU.Build.0 = Debug|Any CPU
		{01F3A84A-BB75-4A4C-A34A-BC10F09E252C}.Release|Any CPU.ActiveCfg = Release|Any CPU
		{01F3A84A-BB75-4A4C-A34A-BC10F09E252C}.Release|Any CPU.Build.0 = Release|Any CPU
	EndGlobalSection
	GlobalSection(SolutionProperties) = preSolution
		HideSolutionNode = FALSE
	EndGlobalSection
EndGlobal
