<?xml version="1.0" encoding="utf-8"?>
<Project ToolsVersion="4.0" xmlns="http://schemas.microsoft.com/developer/msbuild/2003">
  <ItemGroup>
    <ClCompile Include="Source\Color.cpp" />
    <ClCompile Include="Source\Configuration.cpp" />
    <ClCompile Include="Source\CountryMapping.cpp" />
    <ClCompile Include="Source\Date.cpp" />
    <ClCompile Include="Source\GovernmentMapper.cpp" />
    <ClCompile Include="Source\Log.cpp" />
    <ClCompile Include="Source\Mapper.cpp" />
    <ClCompile Include="Source\tempFuncs.cpp" />
    <ClCompile Include="Source\WinUtils.cpp" />
    <ClCompile Include="Source\HOI3World\HoI3Alignment.cpp">
      <Filter>HOI3World</Filter>
    </ClCompile>
    <ClCompile Include="Source\HOI3World\HoI3Army.cpp">
      <Filter>HOI3World</Filter>
    </ClCompile>
    <ClCompile Include="Source\HOI3World\HoI3Country.cpp">
      <Filter>HOI3World</Filter>
    </ClCompile>
    <ClCompile Include="Source\HOI3World\HoI3Diplomacy.cpp">
      <Filter>HOI3World</Filter>
    </ClCompile>
    <ClCompile Include="Source\HOI3World\HoI3Localisation.cpp">
      <Filter>HOI3World</Filter>
    </ClCompile>
    <ClCompile Include="Source\HOI3World\HoI3Province.cpp">
      <Filter>HOI3World</Filter>
    </ClCompile>
    <ClCompile Include="Source\HOI3World\HoI3Relations.cpp">
      <Filter>HOI3World</Filter>
    </ClCompile>
    <ClCompile Include="Source\HOI3World\HoI3World.cpp">
      <Filter>HOI3World</Filter>
    </ClCompile>
    <ClCompile Include="Source\V2World\V2Army.cpp">
      <Filter>Vic2World</Filter>
    </ClCompile>
    <ClCompile Include="Source\V2World\V2Country.cpp">
      <Filter>Vic2World</Filter>
    </ClCompile>
    <ClCompile Include="Source\V2World\V2Diplomacy.cpp">
      <Filter>Vic2World</Filter>
    </ClCompile>
    <ClCompile Include="Source\V2World\V2Factory.cpp">
      <Filter>Vic2World</Filter>
    </ClCompile>
    <ClCompile Include="Source\V2World\V2Localisation.cpp">
      <Filter>Vic2World</Filter>
    </ClCompile>
    <ClCompile Include="Source\V2World\V2Party.cpp">
      <Filter>Vic2World</Filter>
    </ClCompile>
    <ClCompile Include="Source\V2World\V2Pop.cpp">
      <Filter>Vic2World</Filter>
    </ClCompile>
    <ClCompile Include="Source\V2World\V2Province.cpp">
      <Filter>Vic2World</Filter>
    </ClCompile>
    <ClCompile Include="Source\V2World\V2Relations.cpp">
      <Filter>Vic2World</Filter>
    </ClCompile>
    <ClCompile Include="Source\V2World\V2World.cpp">
      <Filter>Vic2World</Filter>
    </ClCompile>
    <ClCompile Include="Source\Parsers\Object.cpp">
      <Filter>Parser</Filter>
    </ClCompile>
    <ClCompile Include="Source\Parsers\Parser.cpp">
      <Filter>Parser</Filter>
    </ClCompile>
    <ClCompile Include="Source\V2toHOI3Converter.cpp" />
    <ClCompile Include="Source\HOI3World\HoI3Minister.cpp">
      <Filter>HOI3World</Filter>
    </ClCompile>
    <ClCompile Include="Source\V2World\V2Inventions.cpp">
      <Filter>Vic2World</Filter>
    </ClCompile>
  </ItemGroup>
  <ItemGroup>
    <ClInclude Include="Source\Color.h" />
    <ClInclude Include="Source\Configuration.h" />
    <ClInclude Include="Source\CountryMapping.h" />
    <ClInclude Include="Source\Date.h" />
    <ClInclude Include="Source\GovernmentMapper.h" />
    <ClInclude Include="Source\Log.h" />
    <ClInclude Include="Source\Mapper.h" />
    <ClInclude Include="Source\WinUtils.h" />
    <ClInclude Include="Source\HOI3World\HoI3Alignment.h">
      <Filter>HOI3World</Filter>
    </ClInclude>
    <ClInclude Include="Source\HOI3World\HoI3Army.h">
      <Filter>HOI3World</Filter>
    </ClInclude>
    <ClInclude Include="Source\HOI3World\HoI3Country.h">
      <Filter>HOI3World</Filter>
    </ClInclude>
    <ClInclude Include="Source\HOI3World\HoI3Diplomacy.h">
      <Filter>HOI3World</Filter>
    </ClInclude>
    <ClInclude Include="Source\HOI3World\HoI3Localisation.h">
      <Filter>HOI3World</Filter>
    </ClInclude>
    <ClInclude Include="Source\HOI3World\HoI3Province.h">
      <Filter>HOI3World</Filter>
    </ClInclude>
    <ClInclude Include="Source\HOI3World\HoI3Relations.h">
      <Filter>HOI3World</Filter>
    </ClInclude>
    <ClInclude Include="Source\HOI3World\HoI3World.h">
      <Filter>HOI3World</Filter>
    </ClInclude>
    <ClInclude Include="Source\V2World\V2Army.h">
      <Filter>Vic2World</Filter>
    </ClInclude>
    <ClInclude Include="Source\V2World\V2Country.h">
      <Filter>Vic2World</Filter>
    </ClInclude>
    <ClInclude Include="Source\V2World\V2Diplomacy.h">
      <Filter>Vic2World</Filter>
    </ClInclude>
    <ClInclude Include="Source\V2World\V2Factory.h">
      <Filter>Vic2World</Filter>
    </ClInclude>
    <ClInclude Include="Source\V2World\V2Inventions.h">
      <Filter>Vic2World</Filter>
    </ClInclude>
    <ClInclude Include="Source\V2World\V2Localisation.h">
      <Filter>Vic2World</Filter>
    </ClInclude>
    <ClInclude Include="Source\V2World\V2Party.h">
      <Filter>Vic2World</Filter>
    </ClInclude>
    <ClInclude Include="Source\V2World\V2Pop.h">
      <Filter>Vic2World</Filter>
    </ClInclude>
    <ClInclude Include="Source\V2World\V2Province.h">
      <Filter>Vic2World</Filter>
    </ClInclude>
    <ClInclude Include="Source\V2World\V2Relations.h">
      <Filter>Vic2World</Filter>
    </ClInclude>
    <ClInclude Include="Source\V2World\V2World.h">
      <Filter>Vic2World</Filter>
    </ClInclude>
    <ClInclude Include="Source\Parsers\Object.h">
      <Filter>Parser</Filter>
    </ClInclude>
    <ClInclude Include="Source\Parsers\Parser.h">
      <Filter>Parser</Filter>
    </ClInclude>
    <ClInclude Include="Source\HOI3World\HoI3Minister.h">
      <Filter>HOI3World</Filter>
    </ClInclude>
  </ItemGroup>
  <ItemGroup>
    <Filter Include="HOI3World">
      <UniqueIdentifier>{9b0602de-4981-4d4a-9ef2-910f05b1d510}</UniqueIdentifier>
    </Filter>
    <Filter Include="Vic2World">
      <UniqueIdentifier>{bc1097e7-d48e-4621-b8bf-34de52ee6f12}</UniqueIdentifier>
    </Filter>
    <Filter Include="Parser">
      <UniqueIdentifier>{93cd3811-9297-418d-9464-b7e8ac39502d}</UniqueIdentifier>
    </Filter>
  </ItemGroup>
</Project>