<?xml version="1.0" encoding="utf-8"?>
<Project ToolsVersion="4.0" xmlns="http://schemas.microsoft.com/developer/msbuild/2003">
  <ItemGroup>
    <Filter Include="Source Files">
      <UniqueIdentifier>{4FC737F1-C7A5-4376-A066-2A32D752A2FF}</UniqueIdentifier>
      <Extensions>cpp;c;cc;cxx;def;odl;idl;hpj;bat;asm;asmx</Extensions>
    </Filter>
    <Filter Include="Header Files">
      <UniqueIdentifier>{93995380-89BD-4b04-88EB-625FBE52EBFB}</UniqueIdentifier>
      <Extensions>h;hpp;hxx;hm;inl;inc;xsd</Extensions>
    </Filter>
    <Filter Include="Resource Files">
      <UniqueIdentifier>{67DA6AB6-F800-4c08-8B7A-83BB121AAD01}</UniqueIdentifier>
      <Extensions>rc;ico;cur;bmp;dlg;rc2;rct;bin;rgs;gif;jpg;jpeg;jpe;resx;tiff;tif;png;wav;mfcribbon-ms</Extensions>
    </Filter>
    <Filter Include="Vic2 World">
      <UniqueIdentifier>{e7cd07c1-e688-4eb6-be4f-acd5a6a2c4a6}</UniqueIdentifier>
    </Filter>
    <Filter Include="HoI3 World">
      <UniqueIdentifier>{8d98c68c-300c-45ce-9418-bf3be68d6b9b}</UniqueIdentifier>
    </Filter>
    <Filter Include="Parsers">
      <UniqueIdentifier>{5911532b-1935-4d6b-b430-ffa2bd58d55e}</UniqueIdentifier>
    </Filter>
  </ItemGroup>
  <ItemGroup>
    <ClInclude Include="Parsers\Object.h">
      <Filter>Parsers</Filter>
    </ClInclude>
    <ClInclude Include="Parsers\Parser.h">
      <Filter>Parsers</Filter>
    </ClInclude>
    <ClInclude Include="Configuration.h">
      <Filter>Header Files</Filter>
    </ClInclude>
    <ClInclude Include="Date.h">
      <Filter>Header Files</Filter>
    </ClInclude>
    <ClInclude Include="HoI3Province.h">
      <Filter>HoI3 World</Filter>
    </ClInclude>
    <ClInclude Include="HoI3World.h">
      <Filter>HoI3 World</Filter>
    </ClInclude>
    <ClInclude Include="HoI3Army.h">
      <Filter>HoI3 World</Filter>
    </ClInclude>
    <ClInclude Include="HoI3Country.h">
      <Filter>HoI3 World</Filter>
    </ClInclude>
    <ClInclude Include="Mapper.h">
      <Filter>Header Files</Filter>
    </ClInclude>
    <ClInclude Include="Log.h">
      <Filter>Header Files</Filter>
    </ClInclude>
    <ClInclude Include="V2Province.h">
      <Filter>Vic2 World</Filter>
    </ClInclude>
    <ClInclude Include="V2World.h">
      <Filter>Vic2 World</Filter>
    </ClInclude>
    <ClInclude Include="V2Army.h">
      <Filter>Vic2 World</Filter>
    </ClInclude>
    <ClInclude Include="V2Country.h">
      <Filter>Vic2 World</Filter>
    </ClInclude>
    <ClInclude Include="V2Inventions.h">
      <Filter>Vic2 World</Filter>
    </ClInclude>
    <ClInclude Include="V2Relations.h">
      <Filter>Vic2 World</Filter>
    </ClInclude>
    <ClInclude Include="V2Diplomacy.h">
      <Filter>Vic2 World</Filter>
    </ClInclude>
    <ClInclude Include="HoI3Relations.h">
      <Filter>HoI3 World</Filter>
    </ClInclude>
    <ClInclude Include="HoI3Diplomacy.h">
      <Filter>HoI3 World</Filter>
    </ClInclude>
    <ClInclude Include="HoI3Alignment.h">
      <Filter>HoI3 World</Filter>
    </ClInclude>
    <ClInclude Include="V2Party.h">
      <Filter>Vic2 World</Filter>
    </ClInclude>
    <ClInclude Include="GovernmentMapper.h">
      <Filter>Header Files</Filter>
    </ClInclude>
  </ItemGroup>
  <ItemGroup>
    <ClCompile Include="Parsers\Parser.cpp">
      <Filter>Parsers</Filter>
    </ClCompile>
    <ClCompile Include="Parsers\Object.cpp">
      <Filter>Parsers</Filter>
    </ClCompile>
    <ClCompile Include="Configuration.cpp">
      <Filter>Source Files</Filter>
    </ClCompile>
    <ClCompile Include="Date.cpp">
      <Filter>Source Files</Filter>
    </ClCompile>
    <ClCompile Include="HoI3World.cpp">
      <Filter>HoI3 World</Filter>
    </ClCompile>
    <ClCompile Include="HoI3Army.cpp">
      <Filter>HoI3 World</Filter>
    </ClCompile>
    <ClCompile Include="HoI3Country.cpp">
      <Filter>HoI3 World</Filter>
    </ClCompile>
    <ClCompile Include="HoI3Province.cpp">
      <Filter>HoI3 World</Filter>
    </ClCompile>
    <ClCompile Include="Mapper.cpp">
      <Filter>Source Files</Filter>
    </ClCompile>
    <ClCompile Include="Log.cpp">
      <Filter>Source Files</Filter>
    </ClCompile>
    <ClCompile Include="V2Province.cpp">
      <Filter>Vic2 World</Filter>
    </ClCompile>
    <ClCompile Include="V2World.cpp">
      <Filter>Vic2 World</Filter>
    </ClCompile>
    <ClCompile Include="V2Army.cpp">
      <Filter>Vic2 World</Filter>
    </ClCompile>
    <ClCompile Include="V2Country.cpp">
      <Filter>Vic2 World</Filter>
    </ClCompile>
    <ClCompile Include="Vic2ToHoI3Converter.cpp">
      <Filter>Source Files</Filter>
    </ClCompile>
    <ClCompile Include="V2Relations.cpp">
      <Filter>Vic2 World</Filter>
    </ClCompile>
    <ClCompile Include="V2Diplomacy.cpp">
      <Filter>Vic2 World</Filter>
    </ClCompile>
    <ClCompile Include="HoI3Relations.cpp">
      <Filter>HoI3 World</Filter>
    </ClCompile>
    <ClCompile Include="HoI3Diplomacy.cpp">
      <Filter>HoI3 World</Filter>
    </ClCompile>
    <ClCompile Include="HoI3Alignment.cpp">
      <Filter>HoI3 World</Filter>
    </ClCompile>
    <ClCompile Include="V2Party.cpp">
      <Filter>Vic2 World</Filter>
    </ClCompile>
    <ClCompile Include="GovernmentMapper.cpp">
      <Filter>Source Files</Filter>
    </ClCompile>
  </ItemGroup>
</Project>